// !$*UTF8*$!
{
	archiveVersion = 1;
	classes = {
	};
	objectVersion = 52;
	objects = {

/* Begin PBXBuildFile section */
		87662D024460639B35F0CECC /* Pods_KW_Sales.framework in Frameworks */ = {isa = PBXBuildFile; fileRef = CF1C63DC39C622A4F25B269B /* Pods_KW_Sales.framework */; };
		8E09ED3FF6EE9121FFB5D4B6 /* Pods_KW_SalesTests.framework in Frameworks */ = {isa = PBXBuildFile; fileRef = 120917D6CDEDB3822C60193A /* Pods_KW_SalesTests.framework */; };
		A30A7882245A01CA00271993 /* Pod.swift in Sources */ = {isa = PBXBuildFile; fileRef = A30A7881245A01CA00271993 /* Pod.swift */; };
		A30C9B6B2444C1C80049E4FC /* AppDelegate.swift in Sources */ = {isa = PBXBuildFile; fileRef = A30C9B6A2444C1C80049E4FC /* AppDelegate.swift */; };
		A30C9B6D2444C1C80049E4FC /* SceneDelegate.swift in Sources */ = {isa = PBXBuildFile; fileRef = A30C9B6C2444C1C80049E4FC /* SceneDelegate.swift */; };
		A30C9B6F2444C1C80049E4FC /* LoginView.swift in Sources */ = {isa = PBXBuildFile; fileRef = A30C9B6E2444C1C80049E4FC /* LoginView.swift */; };
		A30C9B712444C1CB0049E4FC /* Assets.xcassets in Resources */ = {isa = PBXBuildFile; fileRef = A30C9B702444C1CB0049E4FC /* Assets.xcassets */; };
		A30C9B742444C1CB0049E4FC /* Preview Assets.xcassets in Resources */ = {isa = PBXBuildFile; fileRef = A30C9B732444C1CB0049E4FC /* Preview Assets.xcassets */; };
		A30C9B772444C1CB0049E4FC /* LaunchScreen.storyboard in Resources */ = {isa = PBXBuildFile; fileRef = A30C9B752444C1CB0049E4FC /* LaunchScreen.storyboard */; };
		A30C9B822444C1CB0049E4FC /* KW_SalesTests.swift in Sources */ = {isa = PBXBuildFile; fileRef = A30C9B812444C1CB0049E4FC /* KW_SalesTests.swift */; };
		A30C9B8D2444C1CB0049E4FC /* KW_SalesUITests.swift in Sources */ = {isa = PBXBuildFile; fileRef = A30C9B8C2444C1CB0049E4FC /* KW_SalesUITests.swift */; };
		A30F4BF7244530A800B59F8B /* InstallationView.swift in Sources */ = {isa = PBXBuildFile; fileRef = A30F4BF6244530A800B59F8B /* InstallationView.swift */; };
		A3295BCC2448EC7800F26E1F /* PodNodeView.swift in Sources */ = {isa = PBXBuildFile; fileRef = A3295BCB2448EC7800F26E1F /* PodNodeView.swift */; };
		A3295BD1244A044A00F26E1F /* CSVTest.swift in Sources */ = {isa = PBXBuildFile; fileRef = A3295BD0244A044A00F26E1F /* CSVTest.swift */; };
		A3295BDC244A0CE700F26E1F /* SampleCSV.csv in Resources */ = {isa = PBXBuildFile; fileRef = A3295BDB244A0CE700F26E1F /* SampleCSV.csv */; };
		A3295BDE244A2E9500F26E1F /* HelperFunctions.swift in Sources */ = {isa = PBXBuildFile; fileRef = A3295BDD244A2E9500F26E1F /* HelperFunctions.swift */; };
		A336F85524747707008196C5 /* TestDB.swift in Sources */ = {isa = PBXBuildFile; fileRef = A336F853247476D6008196C5 /* TestDB.swift */; };
		A3557C4C244A3E7400C747FE /* ImagePicker.swift in Sources */ = {isa = PBXBuildFile; fileRef = A3557C4B244A3E7400C747FE /* ImagePicker.swift */; };
		A3557C4E244A424200C747FE /* StartView.swift in Sources */ = {isa = PBXBuildFile; fileRef = A3557C4D244A424200C747FE /* StartView.swift */; };
		A368EA5F244DE82B00FE7685 /* InstallationViewModel.swift in Sources */ = {isa = PBXBuildFile; fileRef = A368EA5E244DE82B00FE7685 /* InstallationViewModel.swift */; };
		A38C39B72447F034005BECFB /* PodMapView.swift in Sources */ = {isa = PBXBuildFile; fileRef = A38C39B62447F034005BECFB /* PodMapView.swift */; };
		A38E202F246C792100891910 /* PodMapMasterView.swift in Sources */ = {isa = PBXBuildFile; fileRef = A38E202E246C792100891910 /* PodMapMasterView.swift */; };
		A39878D5246C3936000F99AC /* User.swift in Sources */ = {isa = PBXBuildFile; fileRef = A39878D4246C3936000F99AC /* User.swift */; };
		A3A2F0F824478D8400079243 /* ImplementationPlanView.swift in Sources */ = {isa = PBXBuildFile; fileRef = A3A2F0F724478D8400079243 /* ImplementationPlanView.swift */; };
		A3AD363B2452677200BCDA4D /* Installation.swift in Sources */ = {isa = PBXBuildFile; fileRef = A3AD363A2452677200BCDA4D /* Installation.swift */; };
		A3B133AC246061C80082A618 /* AppIcon.appiconset in Resources */ = {isa = PBXBuildFile; fileRef = A3B133AB246061C80082A618 /* AppIcon.appiconset */; };
		A3B1B5F02463599200CE71A0 /* AddressSearchBar.swift in Sources */ = {isa = PBXBuildFile; fileRef = A3B1B5EF2463599200CE71A0 /* AddressSearchBar.swift */; };
		A3B37B892446204200D8CE40 /* District.swift in Sources */ = {isa = PBXBuildFile; fileRef = A3B37B882446204200D8CE40 /* District.swift */; };
		A3B37B90244632B900D8CE40 /* Team.swift in Sources */ = {isa = PBXBuildFile; fileRef = A3B37B8F244632B900D8CE40 /* Team.swift */; };
		A3C26386246EDA8B003616AB /* MainViewModel.swift in Sources */ = {isa = PBXBuildFile; fileRef = A3C26385246EDA8B003616AB /* MainViewModel.swift */; };
		A3DD6C542459D23C00319147 /* ActivityIndicator.swift in Sources */ = {isa = PBXBuildFile; fileRef = A3DD6C532459D23C00319147 /* ActivityIndicator.swift */; };
		A3E53D87246E388F00FED80A /* EditDistrictsMasterView.swift in Sources */ = {isa = PBXBuildFile; fileRef = A3E53D86246E388F00FED80A /* EditDistrictsMasterView.swift */; };
		A3EE48CD2444D3E500C6A554 /* MainView.swift in Sources */ = {isa = PBXBuildFile; fileRef = A3EE48CC2444D3E500C6A554 /* MainView.swift */; };
		A3EE48CF2444D5C700C6A554 /* Constants.swift in Sources */ = {isa = PBXBuildFile; fileRef = A3EE48CE2444D5C700C6A554 /* Constants.swift */; };
		A3EE48D12444D9DC00C6A554 /* EditDistrictDetailView.swift in Sources */ = {isa = PBXBuildFile; fileRef = A3EE48D02444D9DC00C6A554 /* EditDistrictDetailView.swift */; };
		A3F4259A24475DB8004D2CCE /* SendPodOrderButtonView.swift in Sources */ = {isa = PBXBuildFile; fileRef = A3F4259924475DB8004D2CCE /* SendPodOrderButtonView.swift */; };
		A3F4259C24475E4F004D2CCE /* MailView.swift in Sources */ = {isa = PBXBuildFile; fileRef = A3F4259B24475E4F004D2CCE /* MailView.swift */; };
		AF22C08B248995CC003A4C2E /* PhoneNumberField.swift in Sources */ = {isa = PBXBuildFile; fileRef = AF22C08A248995CC003A4C2E /* PhoneNumberField.swift */; };
		AF2416C3249AA0380088A76A /* BuildFile in Frameworks */ = {isa = PBXBuildFile; productRef = AF2416C2249AA0380088A76A /* SwiftPackageProductDependency */; };
		AF452B0C2493CB1C00E5B04D /* Enums.swift in Sources */ = {isa = PBXBuildFile; fileRef = AF452B0B2493CB1C00E5B04D /* Enums.swift */; };
		AF452B0E2493DAD500E5B04D /* GoogleService-Info.plist in Resources */ = {isa = PBXBuildFile; fileRef = AF452B0D2493DAD500E5B04D /* GoogleService-Info.plist */; };
		AF452B1024941D9400E5B04D /* ImplementationPlanViewModel.swift in Sources */ = {isa = PBXBuildFile; fileRef = AF452B0F24941D9400E5B04D /* ImplementationPlanViewModel.swift */; };
		AF55795E2492C1FD0015D8A6 /* PodMapViewModel.swift in Sources */ = {isa = PBXBuildFile; fileRef = AF55795D2492C1FD0015D8A6 /* PodMapViewModel.swift */; };
		AF71D6F7248A85EE0035A48B /* KeyboardOffsetModifier.swift in Sources */ = {isa = PBXBuildFile; fileRef = AF71D6F4248A85EE0035A48B /* KeyboardOffsetModifier.swift */; };
		AF71D6F8248A85EE0035A48B /* KeyboardDismissModifier.swift in Sources */ = {isa = PBXBuildFile; fileRef = AF71D6F5248A85EE0035A48B /* KeyboardDismissModifier.swift */; };
		AF71D6F9248A85EE0035A48B /* FormValidator.swift in Sources */ = {isa = PBXBuildFile; fileRef = AF71D6F6248A85EE0035A48B /* FormValidator.swift */; };
		AF7343252486D9F000826BCF /* KeyboardHeightPublisher.swift in Sources */ = {isa = PBXBuildFile; fileRef = AF7343232486D9F000826BCF /* KeyboardHeightPublisher.swift */; };
		AF7343282486DA6E00826BCF /* UIResponder+Current.swift in Sources */ = {isa = PBXBuildFile; fileRef = AF7343272486DA6E00826BCF /* UIResponder+Current.swift */; };
		AF874A9024A3DC57008BB052 /* CustomTextField.swift in Sources */ = {isa = PBXBuildFile; fileRef = AF874A8F24A3DC57008BB052 /* CustomTextField.swift */; };
		AFC2386B2492AD8400651363 /* EditDistrictDetailViewModel.swift in Sources */ = {isa = PBXBuildFile; fileRef = AFC2386A2492AD8400651363 /* EditDistrictDetailViewModel.swift */; };
		AFCA09C62486B88E002279E6 /* AlertItem.swift in Sources */ = {isa = PBXBuildFile; fileRef = AFCA09C52486B88E002279E6 /* AlertItem.swift */; };
		AFD879BA24882DE900F5F800 /* SchoolType.swift in Sources */ = {isa = PBXBuildFile; fileRef = AFD879B924882DE900F5F800 /* SchoolType.swift */; };
		AFD879BC24882E2900F5F800 /* AddressPicker.swift in Sources */ = {isa = PBXBuildFile; fileRef = AFD879BB24882E2900F5F800 /* AddressPicker.swift */; };
		AFDB822D247DAE510076401C /* AsyncImage.swift in Sources */ = {isa = PBXBuildFile; fileRef = AFDB822C247DAE510076401C /* AsyncImage.swift */; };
/* End PBXBuildFile section */

/* Begin PBXContainerItemProxy section */
		A30C9B7E2444C1CB0049E4FC /* PBXContainerItemProxy */ = {
			isa = PBXContainerItemProxy;
			containerPortal = A30C9B5F2444C1C80049E4FC /* Project object */;
			proxyType = 1;
			remoteGlobalIDString = A30C9B662444C1C80049E4FC;
			remoteInfo = "KW Sales";
		};
		A30C9B892444C1CB0049E4FC /* PBXContainerItemProxy */ = {
			isa = PBXContainerItemProxy;
			containerPortal = A30C9B5F2444C1C80049E4FC /* Project object */;
			proxyType = 1;
			remoteGlobalIDString = A30C9B662444C1C80049E4FC;
			remoteInfo = "KW Sales";
		};
/* End PBXContainerItemProxy section */

/* Begin PBXFileReference section */
		120917D6CDEDB3822C60193A /* Pods_KW_SalesTests.framework */ = {isa = PBXFileReference; explicitFileType = wrapper.framework; includeInIndex = 0; path = Pods_KW_SalesTests.framework; sourceTree = BUILT_PRODUCTS_DIR; };
		24D1EB98D7515D08246CE24A /* Pods-KW Sales.debug.xcconfig */ = {isa = PBXFileReference; includeInIndex = 1; lastKnownFileType = text.xcconfig; name = "Pods-KW Sales.debug.xcconfig"; path = "Target Support Files/Pods-KW Sales/Pods-KW Sales.debug.xcconfig"; sourceTree = "<group>"; };
		51D42759B7414486FD942C32 /* Pods-KW Sales.release.xcconfig */ = {isa = PBXFileReference; includeInIndex = 1; lastKnownFileType = text.xcconfig; name = "Pods-KW Sales.release.xcconfig"; path = "Target Support Files/Pods-KW Sales/Pods-KW Sales.release.xcconfig"; sourceTree = "<group>"; };
		A30A7881245A01CA00271993 /* Pod.swift */ = {isa = PBXFileReference; lastKnownFileType = sourcecode.swift; path = Pod.swift; sourceTree = "<group>"; };
		A30C9B672444C1C80049E4FC /* KW Sales Test.app */ = {isa = PBXFileReference; explicitFileType = wrapper.application; includeInIndex = 0; path = "KW Sales Test.app"; sourceTree = BUILT_PRODUCTS_DIR; };
		A30C9B6A2444C1C80049E4FC /* AppDelegate.swift */ = {isa = PBXFileReference; lastKnownFileType = sourcecode.swift; path = AppDelegate.swift; sourceTree = "<group>"; };
		A30C9B6C2444C1C80049E4FC /* SceneDelegate.swift */ = {isa = PBXFileReference; lastKnownFileType = sourcecode.swift; path = SceneDelegate.swift; sourceTree = "<group>"; };
		A30C9B6E2444C1C80049E4FC /* LoginView.swift */ = {isa = PBXFileReference; lastKnownFileType = sourcecode.swift; path = LoginView.swift; sourceTree = "<group>"; };
		A30C9B702444C1CB0049E4FC /* Assets.xcassets */ = {isa = PBXFileReference; lastKnownFileType = folder.assetcatalog; path = Assets.xcassets; sourceTree = "<group>"; };
		A30C9B732444C1CB0049E4FC /* Preview Assets.xcassets */ = {isa = PBXFileReference; lastKnownFileType = folder.assetcatalog; path = "Preview Assets.xcassets"; sourceTree = "<group>"; };
		A30C9B762444C1CB0049E4FC /* Base */ = {isa = PBXFileReference; lastKnownFileType = file.storyboard; name = Base; path = Base.lproj/LaunchScreen.storyboard; sourceTree = "<group>"; };
		A30C9B782444C1CB0049E4FC /* Info.plist */ = {isa = PBXFileReference; lastKnownFileType = text.plist.xml; path = Info.plist; sourceTree = "<group>"; };
		A30C9B7D2444C1CB0049E4FC /* KW SalesTests.xctest */ = {isa = PBXFileReference; explicitFileType = wrapper.cfbundle; includeInIndex = 0; path = "KW SalesTests.xctest"; sourceTree = BUILT_PRODUCTS_DIR; };
		A30C9B812444C1CB0049E4FC /* KW_SalesTests.swift */ = {isa = PBXFileReference; lastKnownFileType = sourcecode.swift; path = KW_SalesTests.swift; sourceTree = "<group>"; };
		A30C9B832444C1CB0049E4FC /* Info.plist */ = {isa = PBXFileReference; lastKnownFileType = text.plist.xml; path = Info.plist; sourceTree = "<group>"; };
		A30C9B882444C1CB0049E4FC /* KW SalesUITests.xctest */ = {isa = PBXFileReference; explicitFileType = wrapper.cfbundle; includeInIndex = 0; path = "KW SalesUITests.xctest"; sourceTree = BUILT_PRODUCTS_DIR; };
		A30C9B8C2444C1CB0049E4FC /* KW_SalesUITests.swift */ = {isa = PBXFileReference; lastKnownFileType = sourcecode.swift; path = KW_SalesUITests.swift; sourceTree = "<group>"; };
		A30C9B8E2444C1CB0049E4FC /* Info.plist */ = {isa = PBXFileReference; lastKnownFileType = text.plist.xml; path = Info.plist; sourceTree = "<group>"; };
		A30F4BF6244530A800B59F8B /* InstallationView.swift */ = {isa = PBXFileReference; lastKnownFileType = sourcecode.swift; path = InstallationView.swift; sourceTree = "<group>"; };
		A3295BCB2448EC7800F26E1F /* PodNodeView.swift */ = {isa = PBXFileReference; lastKnownFileType = sourcecode.swift; path = PodNodeView.swift; sourceTree = "<group>"; };
		A3295BD0244A044A00F26E1F /* CSVTest.swift */ = {isa = PBXFileReference; lastKnownFileType = sourcecode.swift; path = CSVTest.swift; sourceTree = "<group>"; };
		A3295BDB244A0CE700F26E1F /* SampleCSV.csv */ = {isa = PBXFileReference; fileEncoding = 4; lastKnownFileType = text; path = SampleCSV.csv; sourceTree = "<group>"; };
		A3295BDD244A2E9500F26E1F /* HelperFunctions.swift */ = {isa = PBXFileReference; lastKnownFileType = sourcecode.swift; path = HelperFunctions.swift; sourceTree = "<group>"; };
		A336F853247476D6008196C5 /* TestDB.swift */ = {isa = PBXFileReference; lastKnownFileType = sourcecode.swift; path = TestDB.swift; sourceTree = "<group>"; };
		A3557C4B244A3E7400C747FE /* ImagePicker.swift */ = {isa = PBXFileReference; fileEncoding = 4; lastKnownFileType = sourcecode.swift; path = ImagePicker.swift; sourceTree = "<group>"; };
		A3557C4D244A424200C747FE /* StartView.swift */ = {isa = PBXFileReference; lastKnownFileType = sourcecode.swift; path = StartView.swift; sourceTree = "<group>"; };
		A368EA5E244DE82B00FE7685 /* InstallationViewModel.swift */ = {isa = PBXFileReference; lastKnownFileType = sourcecode.swift; path = InstallationViewModel.swift; sourceTree = "<group>"; };
		A38C39B62447F034005BECFB /* PodMapView.swift */ = {isa = PBXFileReference; lastKnownFileType = sourcecode.swift; path = PodMapView.swift; sourceTree = "<group>"; };
		A38E202E246C792100891910 /* PodMapMasterView.swift */ = {isa = PBXFileReference; lastKnownFileType = sourcecode.swift; path = PodMapMasterView.swift; sourceTree = "<group>"; };
		A39878D4246C3936000F99AC /* User.swift */ = {isa = PBXFileReference; lastKnownFileType = sourcecode.swift; path = User.swift; sourceTree = "<group>"; };
		A3A2F0F724478D8400079243 /* ImplementationPlanView.swift */ = {isa = PBXFileReference; lastKnownFileType = sourcecode.swift; path = ImplementationPlanView.swift; sourceTree = "<group>"; };
		A3AD363A2452677200BCDA4D /* Installation.swift */ = {isa = PBXFileReference; lastKnownFileType = sourcecode.swift; path = Installation.swift; sourceTree = "<group>"; };
		A3B133AB246061C80082A618 /* AppIcon.appiconset */ = {isa = PBXFileReference; lastKnownFileType = folder; path = AppIcon.appiconset; sourceTree = "<group>"; };
		A3B1B5EF2463599200CE71A0 /* AddressSearchBar.swift */ = {isa = PBXFileReference; lastKnownFileType = sourcecode.swift; path = AddressSearchBar.swift; sourceTree = "<group>"; };
		A3B37B882446204200D8CE40 /* District.swift */ = {isa = PBXFileReference; lastKnownFileType = sourcecode.swift; path = District.swift; sourceTree = "<group>"; };
		A3B37B8F244632B900D8CE40 /* Team.swift */ = {isa = PBXFileReference; lastKnownFileType = sourcecode.swift; path = Team.swift; sourceTree = "<group>"; };
		A3C26385246EDA8B003616AB /* MainViewModel.swift */ = {isa = PBXFileReference; lastKnownFileType = sourcecode.swift; path = MainViewModel.swift; sourceTree = "<group>"; };
		A3DD6C532459D23C00319147 /* ActivityIndicator.swift */ = {isa = PBXFileReference; lastKnownFileType = sourcecode.swift; path = ActivityIndicator.swift; sourceTree = "<group>"; };
		A3E53D86246E388F00FED80A /* EditDistrictsMasterView.swift */ = {isa = PBXFileReference; lastKnownFileType = sourcecode.swift; path = EditDistrictsMasterView.swift; sourceTree = "<group>"; };
		A3EE48CC2444D3E500C6A554 /* MainView.swift */ = {isa = PBXFileReference; lastKnownFileType = sourcecode.swift; path = MainView.swift; sourceTree = "<group>"; };
		A3EE48CE2444D5C700C6A554 /* Constants.swift */ = {isa = PBXFileReference; lastKnownFileType = sourcecode.swift; path = Constants.swift; sourceTree = "<group>"; };
		A3EE48D02444D9DC00C6A554 /* EditDistrictDetailView.swift */ = {isa = PBXFileReference; lastKnownFileType = sourcecode.swift; path = EditDistrictDetailView.swift; sourceTree = "<group>"; xcLanguageSpecificationIdentifier = xcode.lang.swift; };
		A3F4259924475DB8004D2CCE /* SendPodOrderButtonView.swift */ = {isa = PBXFileReference; lastKnownFileType = sourcecode.swift; path = SendPodOrderButtonView.swift; sourceTree = "<group>"; };
		A3F4259B24475E4F004D2CCE /* MailView.swift */ = {isa = PBXFileReference; lastKnownFileType = sourcecode.swift; path = MailView.swift; sourceTree = "<group>"; };
		AF22C08A248995CC003A4C2E /* PhoneNumberField.swift */ = {isa = PBXFileReference; lastKnownFileType = sourcecode.swift; path = PhoneNumberField.swift; sourceTree = "<group>"; };
		AF452B0B2493CB1C00E5B04D /* Enums.swift */ = {isa = PBXFileReference; lastKnownFileType = sourcecode.swift; path = Enums.swift; sourceTree = "<group>"; };
		AF452B0D2493DAD500E5B04D /* GoogleService-Info.plist */ = {isa = PBXFileReference; fileEncoding = 4; lastKnownFileType = text.plist.xml; path = "GoogleService-Info.plist"; sourceTree = "<group>"; };
		AF452B0F24941D9400E5B04D /* ImplementationPlanViewModel.swift */ = {isa = PBXFileReference; lastKnownFileType = sourcecode.swift; path = ImplementationPlanViewModel.swift; sourceTree = "<group>"; };
		AF55795D2492C1FD0015D8A6 /* PodMapViewModel.swift */ = {isa = PBXFileReference; lastKnownFileType = sourcecode.swift; path = PodMapViewModel.swift; sourceTree = "<group>"; };
		AF71D6F4248A85EE0035A48B /* KeyboardOffsetModifier.swift */ = {isa = PBXFileReference; fileEncoding = 4; lastKnownFileType = sourcecode.swift; path = KeyboardOffsetModifier.swift; sourceTree = "<group>"; };
		AF71D6F5248A85EE0035A48B /* KeyboardDismissModifier.swift */ = {isa = PBXFileReference; fileEncoding = 4; lastKnownFileType = sourcecode.swift; path = KeyboardDismissModifier.swift; sourceTree = "<group>"; };
		AF71D6F6248A85EE0035A48B /* FormValidator.swift */ = {isa = PBXFileReference; fileEncoding = 4; lastKnownFileType = sourcecode.swift; path = FormValidator.swift; sourceTree = "<group>"; };
		AF7343232486D9F000826BCF /* KeyboardHeightPublisher.swift */ = {isa = PBXFileReference; fileEncoding = 4; lastKnownFileType = sourcecode.swift; path = KeyboardHeightPublisher.swift; sourceTree = "<group>"; };
		AF7343272486DA6E00826BCF /* UIResponder+Current.swift */ = {isa = PBXFileReference; fileEncoding = 4; lastKnownFileType = sourcecode.swift; path = "UIResponder+Current.swift"; sourceTree = "<group>"; };
		AF874A8F24A3DC57008BB052 /* CustomTextField.swift */ = {isa = PBXFileReference; lastKnownFileType = sourcecode.swift; path = CustomTextField.swift; sourceTree = "<group>"; };
		AFC2386A2492AD8400651363 /* EditDistrictDetailViewModel.swift */ = {isa = PBXFileReference; lastKnownFileType = sourcecode.swift; path = EditDistrictDetailViewModel.swift; sourceTree = "<group>"; };
		AFCA09C52486B88E002279E6 /* AlertItem.swift */ = {isa = PBXFileReference; lastKnownFileType = sourcecode.swift; path = AlertItem.swift; sourceTree = "<group>"; };
		AFD879B924882DE900F5F800 /* SchoolType.swift */ = {isa = PBXFileReference; lastKnownFileType = sourcecode.swift; path = SchoolType.swift; sourceTree = "<group>"; };
		AFD879BB24882E2900F5F800 /* AddressPicker.swift */ = {isa = PBXFileReference; lastKnownFileType = sourcecode.swift; path = AddressPicker.swift; sourceTree = "<group>"; };
		AFDB822C247DAE510076401C /* AsyncImage.swift */ = {isa = PBXFileReference; lastKnownFileType = sourcecode.swift; path = AsyncImage.swift; sourceTree = "<group>"; };
		AFE606CD24AE5A3D00519962 /* KW Sales Test.entitlements */ = {isa = PBXFileReference; lastKnownFileType = text.plist.entitlements; path = "KW Sales Test.entitlements"; sourceTree = "<group>"; };
		CF1C63DC39C622A4F25B269B /* Pods_KW_Sales.framework */ = {isa = PBXFileReference; explicitFileType = wrapper.framework; includeInIndex = 0; path = Pods_KW_Sales.framework; sourceTree = BUILT_PRODUCTS_DIR; };
		E36B974C11A3C432905166EF /* Pods-KW SalesTests.release.xcconfig */ = {isa = PBXFileReference; includeInIndex = 1; lastKnownFileType = text.xcconfig; name = "Pods-KW SalesTests.release.xcconfig"; path = "Target Support Files/Pods-KW SalesTests/Pods-KW SalesTests.release.xcconfig"; sourceTree = "<group>"; };
		F67761B2EA4F4B40CE2F115F /* Pods-KW SalesTests.debug.xcconfig */ = {isa = PBXFileReference; includeInIndex = 1; lastKnownFileType = text.xcconfig; name = "Pods-KW SalesTests.debug.xcconfig"; path = "Target Support Files/Pods-KW SalesTests/Pods-KW SalesTests.debug.xcconfig"; sourceTree = "<group>"; };
/* End PBXFileReference section */

/* Begin PBXFrameworksBuildPhase section */
		A30C9B642444C1C80049E4FC /* Frameworks */ = {
			isa = PBXFrameworksBuildPhase;
			buildActionMask = 2147483647;
			files = (
				AF2416C3249AA0380088A76A /* BuildFile in Frameworks */,
				87662D024460639B35F0CECC /* Pods_KW_Sales.framework in Frameworks */,
			);
			runOnlyForDeploymentPostprocessing = 0;
		};
		A30C9B7A2444C1CB0049E4FC /* Frameworks */ = {
			isa = PBXFrameworksBuildPhase;
			buildActionMask = 2147483647;
			files = (
				8E09ED3FF6EE9121FFB5D4B6 /* Pods_KW_SalesTests.framework in Frameworks */,
			);
			runOnlyForDeploymentPostprocessing = 0;
		};
		A30C9B852444C1CB0049E4FC /* Frameworks */ = {
			isa = PBXFrameworksBuildPhase;
			buildActionMask = 2147483647;
			files = (
			);
			runOnlyForDeploymentPostprocessing = 0;
		};
/* End PBXFrameworksBuildPhase section */

/* Begin PBXGroup section */
		504D75BAEBDF2186717E5395 /* Pods */ = {
			isa = PBXGroup;
			children = (
				24D1EB98D7515D08246CE24A /* Pods-KW Sales.debug.xcconfig */,
				51D42759B7414486FD942C32 /* Pods-KW Sales.release.xcconfig */,
				F67761B2EA4F4B40CE2F115F /* Pods-KW SalesTests.debug.xcconfig */,
				E36B974C11A3C432905166EF /* Pods-KW SalesTests.release.xcconfig */,
			);
			path = Pods;
			sourceTree = "<group>";
		};
		7AEED6375BFB7FBCB1509BB5 /* Frameworks */ = {
			isa = PBXGroup;
			children = (
				CF1C63DC39C622A4F25B269B /* Pods_KW_Sales.framework */,
				120917D6CDEDB3822C60193A /* Pods_KW_SalesTests.framework */,
			);
			name = Frameworks;
			sourceTree = "<group>";
		};
		A30C9B5E2444C1C80049E4FC = {
			isa = PBXGroup;
			children = (
				A30C9B692444C1C80049E4FC /* KW Sales */,
				A30C9B802444C1CB0049E4FC /* KW SalesTests */,
				A30C9B8B2444C1CB0049E4FC /* KW SalesUITests */,
				A30C9B682444C1C80049E4FC /* Products */,
				A3295BD2244A06CE00F26E1F /* Resources */,
				504D75BAEBDF2186717E5395 /* Pods */,
				7AEED6375BFB7FBCB1509BB5 /* Frameworks */,
			);
			sourceTree = "<group>";
		};
		A30C9B682444C1C80049E4FC /* Products */ = {
			isa = PBXGroup;
			children = (
				A30C9B672444C1C80049E4FC /* KW Sales Test.app */,
				A30C9B7D2444C1CB0049E4FC /* KW SalesTests.xctest */,
				A30C9B882444C1CB0049E4FC /* KW SalesUITests.xctest */,
			);
			name = Products;
			sourceTree = "<group>";
		};
		A30C9B692444C1C80049E4FC /* KW Sales */ = {
			isa = PBXGroup;
			children = (
				AFE606CD24AE5A3D00519962 /* KW Sales Test.entitlements */,
				A3EE48D62445031300C6A554 /* Model */,
				A3EE48CB2444D3D300C6A554 /* Views */,
				A30C9B6A2444C1C80049E4FC /* AppDelegate.swift */,
				A30C9B6C2444C1C80049E4FC /* SceneDelegate.swift */,
				AFDB822B247DAE350076401C /* Helpers */,
				A336F853247476D6008196C5 /* TestDB.swift */,
				A3295BD0244A044A00F26E1F /* CSVTest.swift */,
				A3EE48CE2444D5C700C6A554 /* Constants.swift */,
				A30C9B702444C1CB0049E4FC /* Assets.xcassets */,
				A3B133AB246061C80082A618 /* AppIcon.appiconset */,
				A30C9B752444C1CB0049E4FC /* LaunchScreen.storyboard */,
				A30C9B782444C1CB0049E4FC /* Info.plist */,
				AF452B0D2493DAD500E5B04D /* GoogleService-Info.plist */,
				A30C9B722444C1CB0049E4FC /* Preview Content */,
			);
			path = "KW Sales";
			sourceTree = "<group>";
		};
		A30C9B722444C1CB0049E4FC /* Preview Content */ = {
			isa = PBXGroup;
			children = (
				A30C9B732444C1CB0049E4FC /* Preview Assets.xcassets */,
			);
			path = "Preview Content";
			sourceTree = "<group>";
		};
		A30C9B802444C1CB0049E4FC /* KW SalesTests */ = {
			isa = PBXGroup;
			children = (
				A30C9B812444C1CB0049E4FC /* KW_SalesTests.swift */,
				A30C9B832444C1CB0049E4FC /* Info.plist */,
			);
			path = "KW SalesTests";
			sourceTree = "<group>";
		};
		A30C9B8B2444C1CB0049E4FC /* KW SalesUITests */ = {
			isa = PBXGroup;
			children = (
				A30C9B8C2444C1CB0049E4FC /* KW_SalesUITests.swift */,
				A30C9B8E2444C1CB0049E4FC /* Info.plist */,
			);
			path = "KW SalesUITests";
			sourceTree = "<group>";
		};
		A3295BCD2448EF8400F26E1F /* CreatePodMapView */ = {
			isa = PBXGroup;
			children = (
				A38E202E246C792100891910 /* PodMapMasterView.swift */,
				A38C39B62447F034005BECFB /* PodMapView.swift */,
				AF55795D2492C1FD0015D8A6 /* PodMapViewModel.swift */,
				A3295BCB2448EC7800F26E1F /* PodNodeView.swift */,
			);
			path = CreatePodMapView;
			sourceTree = "<group>";
		};
		A3295BD2244A06CE00F26E1F /* Resources */ = {
			isa = PBXGroup;
			children = (
				A3295BDB244A0CE700F26E1F /* SampleCSV.csv */,
			);
			path = Resources;
			sourceTree = "<group>";
		};
		A36CBF00246DB6F100DFEE61 /* EditDistrictMasterView */ = {
			isa = PBXGroup;
			children = (
				A3E53D86246E388F00FED80A /* EditDistrictsMasterView.swift */,
			);
			path = EditDistrictMasterView;
			sourceTree = "<group>";
		};
		A3A2F0F624478D6A00079243 /* ImplementationPlanView */ = {
			isa = PBXGroup;
			children = (
				A3A2F0F724478D8400079243 /* ImplementationPlanView.swift */,
				AF452B0F24941D9400E5B04D /* ImplementationPlanViewModel.swift */,
				A30F4BF6244530A800B59F8B /* InstallationView.swift */,
				A368EA5E244DE82B00FE7685 /* InstallationViewModel.swift */,
				A3557C4B244A3E7400C747FE /* ImagePicker.swift */,
			);
			path = ImplementationPlanView;
			sourceTree = "<group>";
		};
		A3EE48CB2444D3D300C6A554 /* Views */ = {
			isa = PBXGroup;
			children = (
				A3EE48CC2444D3E500C6A554 /* MainView.swift */,
				A3C26385246EDA8B003616AB /* MainViewModel.swift */,
				A36CBF00246DB6F100DFEE61 /* EditDistrictMasterView */,
				A3F4259824475DA0004D2CCE /* EditDistrictDetailView */,
				A3A2F0F624478D6A00079243 /* ImplementationPlanView */,
				A3295BCD2448EF8400F26E1F /* CreatePodMapView */,
				A30C9B6E2444C1C80049E4FC /* LoginView.swift */,
				A3557C4D244A424200C747FE /* StartView.swift */,
			);
			path = Views;
			sourceTree = "<group>";
		};
		A3EE48D62445031300C6A554 /* Model */ = {
			isa = PBXGroup;
			children = (
				A3B37B882446204200D8CE40 /* District.swift */,
				A3B37B8F244632B900D8CE40 /* Team.swift */,
				A39878D4246C3936000F99AC /* User.swift */,
				A3AD363A2452677200BCDA4D /* Installation.swift */,
				A30A7881245A01CA00271993 /* Pod.swift */,
			);
			path = Model;
			sourceTree = "<group>";
		};
		A3F4259824475DA0004D2CCE /* EditDistrictDetailView */ = {
			isa = PBXGroup;
			children = (
				A3EE48D02444D9DC00C6A554 /* EditDistrictDetailView.swift */,
				AFC2386A2492AD8400651363 /* EditDistrictDetailViewModel.swift */,
				A3F4259924475DB8004D2CCE /* SendPodOrderButtonView.swift */,
				A3F4259B24475E4F004D2CCE /* MailView.swift */,
			);
			path = EditDistrictDetailView;
			sourceTree = "<group>";
		};
		AFDB822B247DAE350076401C /* Helpers */ = {
			isa = PBXGroup;
			children = (
				A3DD6C532459D23C00319147 /* ActivityIndicator.swift */,
				AF874A8F24A3DC57008BB052 /* CustomTextField.swift */,
				AFD879BB24882E2900F5F800 /* AddressPicker.swift */,
				A3B1B5EF2463599200CE71A0 /* AddressSearchBar.swift */,
				AFCA09C52486B88E002279E6 /* AlertItem.swift */,
				AFDB822C247DAE510076401C /* AsyncImage.swift */,
				AF452B0B2493CB1C00E5B04D /* Enums.swift */,
				AF71D6F6248A85EE0035A48B /* FormValidator.swift */,
				A3295BDD244A2E9500F26E1F /* HelperFunctions.swift */,
				AF71D6F5248A85EE0035A48B /* KeyboardDismissModifier.swift */,
				AF7343232486D9F000826BCF /* KeyboardHeightPublisher.swift */,
				AF71D6F4248A85EE0035A48B /* KeyboardOffsetModifier.swift */,
				AF22C08A248995CC003A4C2E /* PhoneNumberField.swift */,
				AFD879B924882DE900F5F800 /* SchoolType.swift */,
				AF7343272486DA6E00826BCF /* UIResponder+Current.swift */,
			);
			path = Helpers;
			sourceTree = "<group>";
		};
/* End PBXGroup section */

/* Begin PBXNativeTarget section */
		A30C9B662444C1C80049E4FC /* KW Sales */ = {
			isa = PBXNativeTarget;
			buildConfigurationList = A30C9B912444C1CB0049E4FC /* Build configuration list for PBXNativeTarget "KW Sales" */;
			buildPhases = (
				3CD8A2C2B22CB4A2C34918B0 /* [CP] Check Pods Manifest.lock */,
				A30C9B632444C1C80049E4FC /* Sources */,
				A30C9B642444C1C80049E4FC /* Frameworks */,
				A30C9B652444C1C80049E4FC /* Resources */,
				79EFCAF23171663815DCEDCE /* [CP] Embed Pods Frameworks */,
			);
			buildRules = (
			);
			dependencies = (
			);
			name = "KW Sales";
			packageProductDependencies = (
				AF2416C2249AA0380088A76A /* SwiftPackageProductDependency */,
			);
			productName = "KW Sales";
			productReference = A30C9B672444C1C80049E4FC /* KW Sales Test.app */;
			productType = "com.apple.product-type.application";
		};
		A30C9B7C2444C1CB0049E4FC /* KW SalesTests */ = {
			isa = PBXNativeTarget;
			buildConfigurationList = A30C9B942444C1CB0049E4FC /* Build configuration list for PBXNativeTarget "KW SalesTests" */;
			buildPhases = (
				264EA5954A66E9153C1706B3 /* [CP] Check Pods Manifest.lock */,
				A30C9B792444C1CB0049E4FC /* Sources */,
				A30C9B7A2444C1CB0049E4FC /* Frameworks */,
				A30C9B7B2444C1CB0049E4FC /* Resources */,
				4F00C28E4CA1002D00BBF9A3 /* [CP] Embed Pods Frameworks */,
			);
			buildRules = (
			);
			dependencies = (
				A30C9B7F2444C1CB0049E4FC /* PBXTargetDependency */,
			);
			name = "KW SalesTests";
			productName = "KW SalesTests";
			productReference = A30C9B7D2444C1CB0049E4FC /* KW SalesTests.xctest */;
			productType = "com.apple.product-type.bundle.unit-test";
		};
		A30C9B872444C1CB0049E4FC /* KW SalesUITests */ = {
			isa = PBXNativeTarget;
			buildConfigurationList = A30C9B972444C1CB0049E4FC /* Build configuration list for PBXNativeTarget "KW SalesUITests" */;
			buildPhases = (
				A30C9B842444C1CB0049E4FC /* Sources */,
				A30C9B852444C1CB0049E4FC /* Frameworks */,
				A30C9B862444C1CB0049E4FC /* Resources */,
			);
			buildRules = (
			);
			dependencies = (
				A30C9B8A2444C1CB0049E4FC /* PBXTargetDependency */,
			);
			name = "KW SalesUITests";
			productName = "KW SalesUITests";
			productReference = A30C9B882444C1CB0049E4FC /* KW SalesUITests.xctest */;
			productType = "com.apple.product-type.bundle.ui-testing";
		};
/* End PBXNativeTarget section */

/* Begin PBXProject section */
		A30C9B5F2444C1C80049E4FC /* Project object */ = {
			isa = PBXProject;
			attributes = {
				LastSwiftUpdateCheck = 1140;
				LastUpgradeCheck = 1140;
				ORGANIZATIONNAME = "Luke Morse";
				TargetAttributes = {
					A30C9B662444C1C80049E4FC = {
						CreatedOnToolsVersion = 11.4;
					};
					A30C9B7C2444C1CB0049E4FC = {
						CreatedOnToolsVersion = 11.4;
						TestTargetID = A30C9B662444C1C80049E4FC;
					};
					A30C9B872444C1CB0049E4FC = {
						CreatedOnToolsVersion = 11.4;
						TestTargetID = A30C9B662444C1C80049E4FC;
					};
				};
			};
			buildConfigurationList = A30C9B622444C1C80049E4FC /* Build configuration list for PBXProject "KW Sales" */;
			compatibilityVersion = "Xcode 9.3";
			developmentRegion = en;
			hasScannedForEncodings = 0;
			knownRegions = (
				en,
				Base,
			);
			mainGroup = A30C9B5E2444C1C80049E4FC;
			packageReferences = (
				AF2416C1249AA0380088A76A /* RemoteSwiftPackageReference */,
			);
			productRefGroup = A30C9B682444C1C80049E4FC /* Products */;
			projectDirPath = "";
			projectRoot = "";
			targets = (
				A30C9B662444C1C80049E4FC /* KW Sales */,
				A30C9B7C2444C1CB0049E4FC /* KW SalesTests */,
				A30C9B872444C1CB0049E4FC /* KW SalesUITests */,
			);
		};
/* End PBXProject section */

/* Begin PBXResourcesBuildPhase section */
		A30C9B652444C1C80049E4FC /* Resources */ = {
			isa = PBXResourcesBuildPhase;
			buildActionMask = 2147483647;
			files = (
				A30C9B772444C1CB0049E4FC /* LaunchScreen.storyboard in Resources */,
				A3295BDC244A0CE700F26E1F /* SampleCSV.csv in Resources */,
				A30C9B742444C1CB0049E4FC /* Preview Assets.xcassets in Resources */,
				A3B133AC246061C80082A618 /* AppIcon.appiconset in Resources */,
				A30C9B712444C1CB0049E4FC /* Assets.xcassets in Resources */,
				AF452B0E2493DAD500E5B04D /* GoogleService-Info.plist in Resources */,
			);
			runOnlyForDeploymentPostprocessing = 0;
		};
		A30C9B7B2444C1CB0049E4FC /* Resources */ = {
			isa = PBXResourcesBuildPhase;
			buildActionMask = 2147483647;
			files = (
			);
			runOnlyForDeploymentPostprocessing = 0;
		};
		A30C9B862444C1CB0049E4FC /* Resources */ = {
			isa = PBXResourcesBuildPhase;
			buildActionMask = 2147483647;
			files = (
			);
			runOnlyForDeploymentPostprocessing = 0;
		};
/* End PBXResourcesBuildPhase section */

/* Begin PBXShellScriptBuildPhase section */
		264EA5954A66E9153C1706B3 /* [CP] Check Pods Manifest.lock */ = {
			isa = PBXShellScriptBuildPhase;
			buildActionMask = 2147483647;
			files = (
			);
			inputFileListPaths = (
			);
			inputPaths = (
				"${PODS_PODFILE_DIR_PATH}/Podfile.lock",
				"${PODS_ROOT}/Manifest.lock",
			);
			name = "[CP] Check Pods Manifest.lock";
			outputFileListPaths = (
			);
			outputPaths = (
				"$(DERIVED_FILE_DIR)/Pods-KW SalesTests-checkManifestLockResult.txt",
			);
			runOnlyForDeploymentPostprocessing = 0;
			shellPath = /bin/sh;
			shellScript = "diff \"${PODS_PODFILE_DIR_PATH}/Podfile.lock\" \"${PODS_ROOT}/Manifest.lock\" > /dev/null\nif [ $? != 0 ] ; then\n    # print error to STDERR\n    echo \"error: The sandbox is not in sync with the Podfile.lock. Run 'pod install' or update your CocoaPods installation.\" >&2\n    exit 1\nfi\n# This output is used by Xcode 'outputs' to avoid re-running this script phase.\necho \"SUCCESS\" > \"${SCRIPT_OUTPUT_FILE_0}\"\n";
			showEnvVarsInLog = 0;
		};
		3CD8A2C2B22CB4A2C34918B0 /* [CP] Check Pods Manifest.lock */ = {
			isa = PBXShellScriptBuildPhase;
			buildActionMask = 2147483647;
			files = (
			);
			inputFileListPaths = (
			);
			inputPaths = (
				"${PODS_PODFILE_DIR_PATH}/Podfile.lock",
				"${PODS_ROOT}/Manifest.lock",
			);
			name = "[CP] Check Pods Manifest.lock";
			outputFileListPaths = (
			);
			outputPaths = (
				"$(DERIVED_FILE_DIR)/Pods-KW Sales-checkManifestLockResult.txt",
			);
			runOnlyForDeploymentPostprocessing = 0;
			shellPath = /bin/sh;
			shellScript = "diff \"${PODS_PODFILE_DIR_PATH}/Podfile.lock\" \"${PODS_ROOT}/Manifest.lock\" > /dev/null\nif [ $? != 0 ] ; then\n    # print error to STDERR\n    echo \"error: The sandbox is not in sync with the Podfile.lock. Run 'pod install' or update your CocoaPods installation.\" >&2\n    exit 1\nfi\n# This output is used by Xcode 'outputs' to avoid re-running this script phase.\necho \"SUCCESS\" > \"${SCRIPT_OUTPUT_FILE_0}\"\n";
			showEnvVarsInLog = 0;
		};
		4F00C28E4CA1002D00BBF9A3 /* [CP] Embed Pods Frameworks */ = {
			isa = PBXShellScriptBuildPhase;
			buildActionMask = 2147483647;
			files = (
			);
			inputFileListPaths = (
				"${PODS_ROOT}/Target Support Files/Pods-KW SalesTests/Pods-KW SalesTests-frameworks-${CONFIGURATION}-input-files.xcfilelist",
			);
			name = "[CP] Embed Pods Frameworks";
			outputFileListPaths = (
				"${PODS_ROOT}/Target Support Files/Pods-KW SalesTests/Pods-KW SalesTests-frameworks-${CONFIGURATION}-output-files.xcfilelist",
			);
			runOnlyForDeploymentPostprocessing = 0;
			shellPath = /bin/sh;
			shellScript = "\"${PODS_ROOT}/Target Support Files/Pods-KW SalesTests/Pods-KW SalesTests-frameworks.sh\"\n";
			showEnvVarsInLog = 0;
		};
		79EFCAF23171663815DCEDCE /* [CP] Embed Pods Frameworks */ = {
			isa = PBXShellScriptBuildPhase;
			buildActionMask = 2147483647;
			files = (
			);
			inputFileListPaths = (
				"${PODS_ROOT}/Target Support Files/Pods-KW Sales/Pods-KW Sales-frameworks-${CONFIGURATION}-input-files.xcfilelist",
			);
			name = "[CP] Embed Pods Frameworks";
			outputFileListPaths = (
				"${PODS_ROOT}/Target Support Files/Pods-KW Sales/Pods-KW Sales-frameworks-${CONFIGURATION}-output-files.xcfilelist",
			);
			runOnlyForDeploymentPostprocessing = 0;
			shellPath = /bin/sh;
			shellScript = "\"${PODS_ROOT}/Target Support Files/Pods-KW Sales/Pods-KW Sales-frameworks.sh\"\n";
			showEnvVarsInLog = 0;
		};
/* End PBXShellScriptBuildPhase section */

/* Begin PBXSourcesBuildPhase section */
		A30C9B632444C1C80049E4FC /* Sources */ = {
			isa = PBXSourcesBuildPhase;
			buildActionMask = 2147483647;
			files = (
				AF71D6F9248A85EE0035A48B /* FormValidator.swift in Sources */,
				A3EE48CF2444D5C700C6A554 /* Constants.swift in Sources */,
				AF22C08B248995CC003A4C2E /* PhoneNumberField.swift in Sources */,
				A30C9B6B2444C1C80049E4FC /* AppDelegate.swift in Sources */,
				AF55795E2492C1FD0015D8A6 /* PodMapViewModel.swift in Sources */,
				A3EE48D12444D9DC00C6A554 /* EditDistrictDetailView.swift in Sources */,
				A3557C4E244A424200C747FE /* StartView.swift in Sources */,
				AFDB822D247DAE510076401C /* AsyncImage.swift in Sources */,
				A3EE48CD2444D3E500C6A554 /* MainView.swift in Sources */,
				A30A7882245A01CA00271993 /* Pod.swift in Sources */,
				A3B37B90244632B900D8CE40 /* Team.swift in Sources */,
				A30F4BF7244530A800B59F8B /* InstallationView.swift in Sources */,
				A38E202F246C792100891910 /* PodMapMasterView.swift in Sources */,
				A3B37B892446204200D8CE40 /* District.swift in Sources */,
				AFD879BA24882DE900F5F800 /* SchoolType.swift in Sources */,
				A3295BDE244A2E9500F26E1F /* HelperFunctions.swift in Sources */,
				A3C26386246EDA8B003616AB /* MainViewModel.swift in Sources */,
				A3AD363B2452677200BCDA4D /* Installation.swift in Sources */,
				AF7343282486DA6E00826BCF /* UIResponder+Current.swift in Sources */,
				A39878D5246C3936000F99AC /* User.swift in Sources */,
				AF452B0C2493CB1C00E5B04D /* Enums.swift in Sources */,
				AF452B1024941D9400E5B04D /* ImplementationPlanViewModel.swift in Sources */,
				A3E53D87246E388F00FED80A /* EditDistrictsMasterView.swift in Sources */,
				AFC2386B2492AD8400651363 /* EditDistrictDetailViewModel.swift in Sources */,
				A368EA5F244DE82B00FE7685 /* InstallationViewModel.swift in Sources */,
				A3DD6C542459D23C00319147 /* ActivityIndicator.swift in Sources */,
				AFD879BC24882E2900F5F800 /* AddressPicker.swift in Sources */,
				A3295BCC2448EC7800F26E1F /* PodNodeView.swift in Sources */,
				AFCA09C62486B88E002279E6 /* AlertItem.swift in Sources */,
				A3295BD1244A044A00F26E1F /* CSVTest.swift in Sources */,
				AF7343252486D9F000826BCF /* KeyboardHeightPublisher.swift in Sources */,
				AF71D6F8248A85EE0035A48B /* KeyboardDismissModifier.swift in Sources */,
				A3557C4C244A3E7400C747FE /* ImagePicker.swift in Sources */,
				A336F85524747707008196C5 /* TestDB.swift in Sources */,
				A38C39B72447F034005BECFB /* PodMapView.swift in Sources */,
				A3A2F0F824478D8400079243 /* ImplementationPlanView.swift in Sources */,
				A3F4259A24475DB8004D2CCE /* SendPodOrderButtonView.swift in Sources */,
				A30C9B6D2444C1C80049E4FC /* SceneDelegate.swift in Sources */,
				A30C9B6F2444C1C80049E4FC /* LoginView.swift in Sources */,
				A3F4259C24475E4F004D2CCE /* MailView.swift in Sources */,
				AF71D6F7248A85EE0035A48B /* KeyboardOffsetModifier.swift in Sources */,
				A3B1B5F02463599200CE71A0 /* AddressSearchBar.swift in Sources */,
				AF874A9024A3DC57008BB052 /* CustomTextField.swift in Sources */,
			);
			runOnlyForDeploymentPostprocessing = 0;
		};
		A30C9B792444C1CB0049E4FC /* Sources */ = {
			isa = PBXSourcesBuildPhase;
			buildActionMask = 2147483647;
			files = (
				A30C9B822444C1CB0049E4FC /* KW_SalesTests.swift in Sources */,
			);
			runOnlyForDeploymentPostprocessing = 0;
		};
		A30C9B842444C1CB0049E4FC /* Sources */ = {
			isa = PBXSourcesBuildPhase;
			buildActionMask = 2147483647;
			files = (
				A30C9B8D2444C1CB0049E4FC /* KW_SalesUITests.swift in Sources */,
			);
			runOnlyForDeploymentPostprocessing = 0;
		};
/* End PBXSourcesBuildPhase section */

/* Begin PBXTargetDependency section */
		A30C9B7F2444C1CB0049E4FC /* PBXTargetDependency */ = {
			isa = PBXTargetDependency;
			target = A30C9B662444C1C80049E4FC /* KW Sales */;
			targetProxy = A30C9B7E2444C1CB0049E4FC /* PBXContainerItemProxy */;
		};
		A30C9B8A2444C1CB0049E4FC /* PBXTargetDependency */ = {
			isa = PBXTargetDependency;
			target = A30C9B662444C1C80049E4FC /* KW Sales */;
			targetProxy = A30C9B892444C1CB0049E4FC /* PBXContainerItemProxy */;
		};
/* End PBXTargetDependency section */

/* Begin PBXVariantGroup section */
		A30C9B752444C1CB0049E4FC /* LaunchScreen.storyboard */ = {
			isa = PBXVariantGroup;
			children = (
				A30C9B762444C1CB0049E4FC /* Base */,
			);
			name = LaunchScreen.storyboard;
			sourceTree = "<group>";
		};
/* End PBXVariantGroup section */

/* Begin XCBuildConfiguration section */
		A30C9B8F2444C1CB0049E4FC /* Debug */ = {
			isa = XCBuildConfiguration;
			buildSettings = {
				ALWAYS_SEARCH_USER_PATHS = NO;
				CLANG_ANALYZER_NONNULL = YES;
				CLANG_ANALYZER_NUMBER_OBJECT_CONVERSION = YES_AGGRESSIVE;
				CLANG_CXX_LANGUAGE_STANDARD = "gnu++14";
				CLANG_CXX_LIBRARY = "libc++";
				CLANG_ENABLE_MODULES = YES;
				CLANG_ENABLE_OBJC_ARC = YES;
				CLANG_ENABLE_OBJC_WEAK = YES;
				CLANG_WARN_BLOCK_CAPTURE_AUTORELEASING = YES;
				CLANG_WARN_BOOL_CONVERSION = YES;
				CLANG_WARN_COMMA = YES;
				CLANG_WARN_CONSTANT_CONVERSION = YES;
				CLANG_WARN_DEPRECATED_OBJC_IMPLEMENTATIONS = YES;
				CLANG_WARN_DIRECT_OBJC_ISA_USAGE = YES_ERROR;
				CLANG_WARN_DOCUMENTATION_COMMENTS = YES;
				CLANG_WARN_EMPTY_BODY = YES;
				CLANG_WARN_ENUM_CONVERSION = YES;
				CLANG_WARN_INFINITE_RECURSION = YES;
				CLANG_WARN_INT_CONVERSION = YES;
				CLANG_WARN_NON_LITERAL_NULL_CONVERSION = YES;
				CLANG_WARN_OBJC_IMPLICIT_RETAIN_SELF = YES;
				CLANG_WARN_OBJC_LITERAL_CONVERSION = YES;
				CLANG_WARN_OBJC_ROOT_CLASS = YES_ERROR;
				CLANG_WARN_RANGE_LOOP_ANALYSIS = YES;
				CLANG_WARN_STRICT_PROTOTYPES = YES;
				CLANG_WARN_SUSPICIOUS_MOVE = YES;
				CLANG_WARN_UNGUARDED_AVAILABILITY = YES_AGGRESSIVE;
				CLANG_WARN_UNREACHABLE_CODE = YES;
				CLANG_WARN__DUPLICATE_METHOD_MATCH = YES;
				COPY_PHASE_STRIP = NO;
				DEBUG_INFORMATION_FORMAT = dwarf;
				ENABLE_STRICT_OBJC_MSGSEND = YES;
				ENABLE_TESTABILITY = YES;
				GCC_C_LANGUAGE_STANDARD = gnu11;
				GCC_DYNAMIC_NO_PIC = NO;
				GCC_NO_COMMON_BLOCKS = YES;
				GCC_OPTIMIZATION_LEVEL = 0;
				GCC_PREPROCESSOR_DEFINITIONS = (
					"DEBUG=1",
					"$(inherited)",
				);
				GCC_WARN_64_TO_32_BIT_CONVERSION = YES;
				GCC_WARN_ABOUT_RETURN_TYPE = YES_ERROR;
				GCC_WARN_UNDECLARED_SELECTOR = YES;
				GCC_WARN_UNINITIALIZED_AUTOS = YES_AGGRESSIVE;
				GCC_WARN_UNUSED_FUNCTION = YES;
				GCC_WARN_UNUSED_VARIABLE = YES;
				IPHONEOS_DEPLOYMENT_TARGET = 13.4;
				MTL_ENABLE_DEBUG_INFO = INCLUDE_SOURCE;
				MTL_FAST_MATH = YES;
				ONLY_ACTIVE_ARCH = YES;
				SDKROOT = iphoneos;
				SWIFT_ACTIVE_COMPILATION_CONDITIONS = DEBUG;
				SWIFT_OPTIMIZATION_LEVEL = "-Onone";
			};
			name = Debug;
		};
		A30C9B902444C1CB0049E4FC /* Release */ = {
			isa = XCBuildConfiguration;
			buildSettings = {
				ALWAYS_SEARCH_USER_PATHS = NO;
				CLANG_ANALYZER_NONNULL = YES;
				CLANG_ANALYZER_NUMBER_OBJECT_CONVERSION = YES_AGGRESSIVE;
				CLANG_CXX_LANGUAGE_STANDARD = "gnu++14";
				CLANG_CXX_LIBRARY = "libc++";
				CLANG_ENABLE_MODULES = YES;
				CLANG_ENABLE_OBJC_ARC = YES;
				CLANG_ENABLE_OBJC_WEAK = YES;
				CLANG_WARN_BLOCK_CAPTURE_AUTORELEASING = YES;
				CLANG_WARN_BOOL_CONVERSION = YES;
				CLANG_WARN_COMMA = YES;
				CLANG_WARN_CONSTANT_CONVERSION = YES;
				CLANG_WARN_DEPRECATED_OBJC_IMPLEMENTATIONS = YES;
				CLANG_WARN_DIRECT_OBJC_ISA_USAGE = YES_ERROR;
				CLANG_WARN_DOCUMENTATION_COMMENTS = YES;
				CLANG_WARN_EMPTY_BODY = YES;
				CLANG_WARN_ENUM_CONVERSION = YES;
				CLANG_WARN_INFINITE_RECURSION = YES;
				CLANG_WARN_INT_CONVERSION = YES;
				CLANG_WARN_NON_LITERAL_NULL_CONVERSION = YES;
				CLANG_WARN_OBJC_IMPLICIT_RETAIN_SELF = YES;
				CLANG_WARN_OBJC_LITERAL_CONVERSION = YES;
				CLANG_WARN_OBJC_ROOT_CLASS = YES_ERROR;
				CLANG_WARN_RANGE_LOOP_ANALYSIS = YES;
				CLANG_WARN_STRICT_PROTOTYPES = YES;
				CLANG_WARN_SUSPICIOUS_MOVE = YES;
				CLANG_WARN_UNGUARDED_AVAILABILITY = YES_AGGRESSIVE;
				CLANG_WARN_UNREACHABLE_CODE = YES;
				CLANG_WARN__DUPLICATE_METHOD_MATCH = YES;
				COPY_PHASE_STRIP = NO;
				DEBUG_INFORMATION_FORMAT = "dwarf-with-dsym";
				ENABLE_NS_ASSERTIONS = NO;
				ENABLE_STRICT_OBJC_MSGSEND = YES;
				GCC_C_LANGUAGE_STANDARD = gnu11;
				GCC_NO_COMMON_BLOCKS = YES;
				GCC_WARN_64_TO_32_BIT_CONVERSION = YES;
				GCC_WARN_ABOUT_RETURN_TYPE = YES_ERROR;
				GCC_WARN_UNDECLARED_SELECTOR = YES;
				GCC_WARN_UNINITIALIZED_AUTOS = YES_AGGRESSIVE;
				GCC_WARN_UNUSED_FUNCTION = YES;
				GCC_WARN_UNUSED_VARIABLE = YES;
				IPHONEOS_DEPLOYMENT_TARGET = 13.4;
				MTL_ENABLE_DEBUG_INFO = NO;
				MTL_FAST_MATH = YES;
				SDKROOT = iphoneos;
				SWIFT_COMPILATION_MODE = wholemodule;
				SWIFT_OPTIMIZATION_LEVEL = "-O";
				VALIDATE_PRODUCT = YES;
			};
			name = Release;
		};
		A30C9B922444C1CB0049E4FC /* Debug */ = {
			isa = XCBuildConfiguration;
			baseConfigurationReference = 24D1EB98D7515D08246CE24A /* Pods-KW Sales.debug.xcconfig */;
			buildSettings = {
				ASSETCATALOG_COMPILER_APPICON_NAME = AppIcon;
				CODE_SIGN_ENTITLEMENTS = "KW Sales/KW Sales Test.entitlements";
				CODE_SIGN_STYLE = Automatic;
				DEAD_CODE_STRIPPING = NO;
				DEBUG_INFORMATION_FORMAT = "dwarf-with-dsym";
				DEVELOPMENT_ASSET_PATHS = "\"KW Sales/Preview Content\"";
				DEVELOPMENT_TEAM = KRW4A286K8;
				ENABLE_PREVIEWS = YES;
				INFOPLIST_FILE = "KW Sales/Info.plist";
				IPHONEOS_DEPLOYMENT_TARGET = 13.4;
				LD_RUNPATH_SEARCH_PATHS = (
					"$(inherited)",
					"@executable_path/Frameworks",
				);
				PRODUCT_BUNDLE_IDENTIFIER = "com.lukemorse.KW-Sales-Test";
				PRODUCT_NAME = "KW Sales Test";
				STRIP_INSTALLED_PRODUCT = NO;
				STRIP_SWIFT_SYMBOLS = NO;
				SUPPORTS_MACCATALYST = YES;
				SWIFT_VERSION = 5.0;
				TARGETED_DEVICE_FAMILY = "1,2";
			};
			name = Debug;
		};
		A30C9B932444C1CB0049E4FC /* Release */ = {
			isa = XCBuildConfiguration;
			baseConfigurationReference = 51D42759B7414486FD942C32 /* Pods-KW Sales.release.xcconfig */;
			buildSettings = {
				ASSETCATALOG_COMPILER_APPICON_NAME = AppIcon;
				CODE_SIGN_ENTITLEMENTS = "KW Sales/KW Sales Test.entitlements";
				CODE_SIGN_STYLE = Automatic;
				DEVELOPMENT_ASSET_PATHS = "\"KW Sales/Preview Content\"";
				DEVELOPMENT_TEAM = KRW4A286K8;
				ENABLE_PREVIEWS = YES;
				INFOPLIST_FILE = "KW Sales/Info.plist";
				IPHONEOS_DEPLOYMENT_TARGET = 13.4;
				LD_RUNPATH_SEARCH_PATHS = (
					"$(inherited)",
					"@executable_path/Frameworks",
				);
				PRODUCT_BUNDLE_IDENTIFIER = "com.lukemorse.KW-Sales-Test";
				PRODUCT_NAME = "KW Sales Test";
				SUPPORTS_MACCATALYST = YES;
				SWIFT_VERSION = 5.0;
				TARGETED_DEVICE_FAMILY = "1,2";
			};
			name = Release;
		};
		A30C9B952444C1CB0049E4FC /* Debug */ = {
			isa = XCBuildConfiguration;
			baseConfigurationReference = F67761B2EA4F4B40CE2F115F /* Pods-KW SalesTests.debug.xcconfig */;
			buildSettings = {
				ALWAYS_EMBED_SWIFT_STANDARD_LIBRARIES = YES;
				BUNDLE_LOADER = "$(TEST_HOST)";
				CODE_SIGN_STYLE = Automatic;
				DEVELOPMENT_TEAM = 4Z8CKPY35P;
				INFOPLIST_FILE = "KW SalesTests/Info.plist";
				IPHONEOS_DEPLOYMENT_TARGET = 13.4;
				LD_RUNPATH_SEARCH_PATHS = (
					"$(inherited)",
					"@executable_path/Frameworks",
					"@loader_path/Frameworks",
				);
				PRODUCT_BUNDLE_IDENTIFIER = "com.lukemorse.KW-SalesTests";
				PRODUCT_NAME = "$(TARGET_NAME)";
				SWIFT_VERSION = 5.0;
				TARGETED_DEVICE_FAMILY = "1,2";
				TEST_HOST = "$(BUILT_PRODUCTS_DIR)/KW Sales.app/KW Sales";
			};
			name = Debug;
		};
		A30C9B962444C1CB0049E4FC /* Release */ = {
			isa = XCBuildConfiguration;
			baseConfigurationReference = E36B974C11A3C432905166EF /* Pods-KW SalesTests.release.xcconfig */;
			buildSettings = {
				ALWAYS_EMBED_SWIFT_STANDARD_LIBRARIES = YES;
				BUNDLE_LOADER = "$(TEST_HOST)";
				CODE_SIGN_STYLE = Automatic;
				DEVELOPMENT_TEAM = 4Z8CKPY35P;
				INFOPLIST_FILE = "KW SalesTests/Info.plist";
				IPHONEOS_DEPLOYMENT_TARGET = 13.4;
				LD_RUNPATH_SEARCH_PATHS = (
					"$(inherited)",
					"@executable_path/Frameworks",
					"@loader_path/Frameworks",
				);
				PRODUCT_BUNDLE_IDENTIFIER = "com.lukemorse.KW-SalesTests";
				PRODUCT_NAME = "$(TARGET_NAME)";
				SWIFT_VERSION = 5.0;
				TARGETED_DEVICE_FAMILY = "1,2";
				TEST_HOST = "$(BUILT_PRODUCTS_DIR)/KW Sales.app/KW Sales";
			};
			name = Release;
		};
		A30C9B982444C1CB0049E4FC /* Debug */ = {
			isa = XCBuildConfiguration;
			buildSettings = {
				ALWAYS_EMBED_SWIFT_STANDARD_LIBRARIES = YES;
				CODE_SIGN_STYLE = Automatic;
				DEVELOPMENT_TEAM = 4Z8CKPY35P;
				INFOPLIST_FILE = "KW SalesUITests/Info.plist";
				LD_RUNPATH_SEARCH_PATHS = (
					"$(inherited)",
					"@executable_path/Frameworks",
					"@loader_path/Frameworks",
				);
				PRODUCT_BUNDLE_IDENTIFIER = "com.lukemorse.KW-SalesUITests";
				PRODUCT_NAME = "$(TARGET_NAME)";
				SWIFT_VERSION = 5.0;
				TARGETED_DEVICE_FAMILY = "1,2";
				TEST_TARGET_NAME = "KW Sales";
			};
			name = Debug;
		};
		A30C9B992444C1CB0049E4FC /* Release */ = {
			isa = XCBuildConfiguration;
			buildSettings = {
				ALWAYS_EMBED_SWIFT_STANDARD_LIBRARIES = YES;
				CODE_SIGN_STYLE = Automatic;
				DEVELOPMENT_TEAM = 4Z8CKPY35P;
				INFOPLIST_FILE = "KW SalesUITests/Info.plist";
				LD_RUNPATH_SEARCH_PATHS = (
					"$(inherited)",
					"@executable_path/Frameworks",
					"@loader_path/Frameworks",
				);
				PRODUCT_BUNDLE_IDENTIFIER = "com.lukemorse.KW-SalesUITests";
				PRODUCT_NAME = "$(TARGET_NAME)";
				SWIFT_VERSION = 5.0;
				TARGETED_DEVICE_FAMILY = "1,2";
				TEST_TARGET_NAME = "KW Sales";
			};
			name = Release;
		};
/* End XCBuildConfiguration section */

/* Begin XCConfigurationList section */
		A30C9B622444C1C80049E4FC /* Build configuration list for PBXProject "KW Sales" */ = {
			isa = XCConfigurationList;
			buildConfigurations = (
				A30C9B8F2444C1CB0049E4FC /* Debug */,
				A30C9B902444C1CB0049E4FC /* Release */,
			);
			defaultConfigurationIsVisible = 0;
			defaultConfigurationName = Release;
		};
		A30C9B912444C1CB0049E4FC /* Build configuration list for PBXNativeTarget "KW Sales" */ = {
			isa = XCConfigurationList;
			buildConfigurations = (
				A30C9B922444C1CB0049E4FC /* Debug */,
				A30C9B932444C1CB0049E4FC /* Release */,
			);
			defaultConfigurationIsVisible = 0;
			defaultConfigurationName = Release;
		};
		A30C9B942444C1CB0049E4FC /* Build configuration list for PBXNativeTarget "KW SalesTests" */ = {
			isa = XCConfigurationList;
			buildConfigurations = (
				A30C9B952444C1CB0049E4FC /* Debug */,
				A30C9B962444C1CB0049E4FC /* Release */,
			);
			defaultConfigurationIsVisible = 0;
			defaultConfigurationName = Release;
		};
		A30C9B972444C1CB0049E4FC /* Build configuration list for PBXNativeTarget "KW SalesUITests" */ = {
			isa = XCConfigurationList;
			buildConfigurations = (
				A30C9B982444C1CB0049E4FC /* Debug */,
				A30C9B992444C1CB0049E4FC /* Release */,
			);
			defaultConfigurationIsVisible = 0;
			defaultConfigurationName = Release;
		};
/* End XCConfigurationList section */

/* Begin XCRemoteSwiftPackageReference section */
		AF2416C1249AA0380088A76A /* RemoteSwiftPackageReference */ = {
			isa = XCRemoteSwiftPackageReference;
			repositoryURL = "https://github.com/AndreaMiotto/ActionOver.git";
			requirement = {
				kind = upToNextMajorVersion;
				minimumVersion = 1.0.3;
			};
		};
/* End XCRemoteSwiftPackageReference section */

/* Begin XCSwiftPackageProductDependency section */
		AF2416C2249AA0380088A76A /* SwiftPackageProductDependency */ = {
			isa = XCSwiftPackageProductDependency;
			package = AF2416C1249AA0380088A76A /* RemoteSwiftPackageReference */;
			productName = ActionOver;
		};
/* End XCSwiftPackageProductDependency section */
	};
	rootObject = A30C9B5F2444C1C80049E4FC /* Project object */;
}
